
Microsoft Visual Studio Solution File, Format Version 12.00
# Visual Studio 15
VisualStudioVersion = 15.0.28307.757
MinimumVisualStudioVersion = 10.0.40219.1
Project("{9A19103F-16F7-4668-BE54-9A1E7A4F7556}") = "Ballgame", "ballgame\Ballgame.csproj", "{BD241692-17C8-4CD7-9F38-AF2583C7C667}"
EndProject
Project("{FAE04EC0-301F-11D3-BF4B-00C04F79EFBC}") = "BallgameWPF", "BallgameWPF\BallgameWPF.csproj", "{072B1A17-AA4D-46E8-A02E-0FA0A8FD40A1}"
EndProject
Global
	GlobalSection(SolutionConfigurationPlatforms) = preSolution
		Debug|Any CPU = Debug|Any CPU
		Release|Any CPU = Release|Any CPU
	EndGlobalSection
	GlobalSection(ProjectConfigurationPlatforms) = postSolution
		{BD241692-17C8-4CD7-9F38-AF2583C7C667}.Debug|Any CPU.ActiveCfg = Debug|Any CPU
		{BD241692-17C8-4CD7-9F38-AF2583C7C667}.Debug|Any CPU.Build.0 = Debug|Any CPU
		{BD241692-17C8-4CD7-9F38-AF2583C7C667}.Release|Any CPU.ActiveCfg = Release|Any CPU
		{BD241692-17C8-4CD7-9F38-AF2583C7C667}.Release|Any CPU.Build.0 = Release|Any CPU
		{072B1A17-AA4D-46E8-A02E-0FA0A8FD40A1}.Debug|Any CPU.ActiveCfg = Debug|Any CPU
		{072B1A17-AA4D-46E8-A02E-0FA0A8FD40A1}.Debug|Any CPU.Build.0 = Debug|Any CPU
		{072B1A17-AA4D-46E8-A02E-0FA0A8FD40A1}.Release|Any CPU.ActiveCfg = Release|Any CPU
		{072B1A17-AA4D-46E8-A02E-0FA0A8FD40A1}.Release|Any CPU.Build.0 = Release|Any CPU
	EndGlobalSection
	GlobalSection(SolutionProperties) = preSolution
		HideSolutionNode = FALSE
	EndGlobalSection
	GlobalSection(ExtensibilityGlobals) = postSolution
		SolutionGuid = {552A6385-E897-4592-838E-ED537DA014D9}
	EndGlobalSection
EndGlobal
